
Microsoft Visual Studio Solution File, Format Version 12.00
# Visual Studio Version 17
VisualStudioVersion = 17.0.31903.59
MinimumVisualStudioVersion = 10.0.40219.1
Project("{FAE04EC0-301F-11D3-BF4B-00C04F79EFBC}") = "BSTHeapCombo", "BSTHeapCombo\BSTHeapCombo.csproj", "{D586E567-830B-4989-8E0E-015E97D91AC5}"
EndProject
Project("{FAE04EC0-301F-11D3-BF4B-00C04F79EFBC}") = "BSTHeapTesting", "BSTHeapTesting\BSTHeapTesting.csproj", "{0AE2C163-3909-467F-B733-87D5CF1C7E97}"
EndProject
Global
	GlobalSection(SolutionConfigurationPlatforms) = preSolution
		Debug|Any CPU = Debug|Any CPU
		Release|Any CPU = Release|Any CPU
	EndGlobalSection
	GlobalSection(SolutionProperties) = preSolution
		HideSolutionNode = FALSE
	EndGlobalSection
	GlobalSection(ProjectConfigurationPlatforms) = postSolution
		{D586E567-830B-4989-8E0E-015E97D91AC5}.Debug|Any CPU.ActiveCfg = Debug|Any CPU
		{D586E567-830B-4989-8E0E-015E97D91AC5}.Debug|Any CPU.Build.0 = Debug|Any CPU
		{D586E567-830B-4989-8E0E-015E97D91AC5}.Release|Any CPU.ActiveCfg = Release|Any CPU
		{D586E567-830B-4989-8E0E-015E97D91AC5}.Release|Any CPU.Build.0 = Release|Any CPU
		{0AE2C163-3909-467F-B733-87D5CF1C7E97}.Debug|Any CPU.ActiveCfg = Debug|Any CPU
		{0AE2C163-3909-467F-B733-87D5CF1C7E97}.Debug|Any CPU.Build.0 = Debug|Any CPU
		{0AE2C163-3909-467F-B733-87D5CF1C7E97}.Release|Any CPU.ActiveCfg = Release|Any CPU
		{0AE2C163-3909-467F-B733-87D5CF1C7E97}.Release|Any CPU.Build.0 = Release|Any CPU
	EndGlobalSection
EndGlobal
